{
  "lockfile_version": "1",
  "packages": {
    "age@1.2.1": {
      "last_modified": "2025-04-17T05:47:26Z",
      "resolved": "github:NixOS/nixpkgs/ebe4301cbd8f81c4f8d3244b3632338bbeb6d49c#age",
      "source": "devbox-search",
      "version": "1.2.1",
      "systems": {
        "aarch64-darwin": {
          "outputs": [
            {
              "name": "out",
              "path": "/nix/store/wbj9vdiys10xif10gmn6cjfcglmg1cy3-age-1.2.1",
              "default": true
            }
          ],
          "store_path": "/nix/store/wbj9vdiys10xif10gmn6cjfcglmg1cy3-age-1.2.1"
        },
        "aarch64-linux": {
          "outputs": [
            {
              "name": "out",
              "path": "/nix/store/syfax07lzz66bbha32pcnm8rprn5ni40-age-1.2.1",
              "default": true
            }
          ],
          "store_path": "/nix/store/syfax07lzz66bbha32pcnm8rprn5ni40-age-1.2.1"
        },
        "x86_64-darwin": {
          "outputs": [
            {
              "name": "out",
              "path": "/nix/store/17g838b0241n2cl0diga1nx1byvl2lyx-age-1.2.1",
              "default": true
            }
          ],
          "store_path": "/nix/store/17g838b0241n2cl0diga1nx1byvl2lyx-age-1.2.1"
        },
        "x86_64-linux": {
          "outputs": [
            {
              "name": "out",
              "path": "/nix/store/rbvfvsrkhchqk1gc2zs0s9ag5sgfpz2z-age-1.2.1",
              "default": true
            }
          ],
          "store_path": "/nix/store/rbvfvsrkhchqk1gc2zs0s9ag5sgfpz2z-age-1.2.1"
        }
      }
    },
    "argocd@2.14.11": {
      "last_modified": "2025-05-15T12:36:28Z",
      "resolved": "github:NixOS/nixpkgs/b1bebd0fe266bbd1820019612ead889e96a8fa2d#argocd",
      "source": "devbox-search",
      "version": "2.14.11",
      "systems": {
        "aarch64-darwin": {
          "outputs": [
            {
              "name": "out",
              "path": "/nix/store/jf123ffxy6w8idrhf9r8ga97iqg2gsqh-argocd-2.14.11",
              "default": true
            }
          ],
          "store_path": "/nix/store/jf123ffxy6w8idrhf9r8ga97iqg2gsqh-argocd-2.14.11"
        },
        "aarch64-linux": {
          "outputs": [
            {
              "name": "out",
              "path": "/nix/store/ijygmfhgq71q83jz1bdk1vcpiafbkxxj-argocd-2.14.11",
              "default": true
            }
          ],
          "store_path": "/nix/store/ijygmfhgq71q83jz1bdk1vcpiafbkxxj-argocd-2.14.11"
        },
        "x86_64-darwin": {
          "outputs": [
            {
              "name": "out",
              "path": "/nix/store/80acz8p1ywn8i6z4wy7pg6qvm6b4l1kv-argocd-2.14.11",
              "default": true
            }
          ],
          "store_path": "/nix/store/80acz8p1ywn8i6z4wy7pg6qvm6b4l1kv-argocd-2.14.11"
        },
        "x86_64-linux": {
          "outputs": [
            {
              "name": "out",
              "path": "/nix/store/d8mrffh0vrh52d3zzllvnzypdqw4z2af-argocd-2.14.11",
              "default": true
            }
          ],
          "store_path": "/nix/store/d8mrffh0vrh52d3zzllvnzypdqw4z2af-argocd-2.14.11"
        }
      }
    },
    "direnv@2.36.0": {
      "last_modified": "2025-04-23T03:04:08Z",
      "resolved": "github:NixOS/nixpkgs/507b63021ada5fee621b6ca371c4fca9ca46f52c#direnv",
      "source": "devbox-search",
      "version": "2.36.0",
      "systems": {
        "aarch64-darwin": {
          "outputs": [
            {
              "name": "out",
              "path": "/nix/store/c1287gkgvyz1s5hrifmhp0ybzaqwysyv-direnv-2.36.0",
              "default": true
            }
          ],
          "store_path": "/nix/store/c1287gkgvyz1s5hrifmhp0ybzaqwysyv-direnv-2.36.0"
        },
        "aarch64-linux": {
          "outputs": [
            {
              "name": "out",
              "path": "/nix/store/kbm4xjmm8gpighi8jnlgdp4ivwf7npg3-direnv-2.36.0",
              "default": true
            }
          ],
          "store_path": "/nix/store/kbm4xjmm8gpighi8jnlgdp4ivwf7npg3-direnv-2.36.0"
        },
        "x86_64-darwin": {
          "outputs": [
            {
              "name": "out",
              "path": "/nix/store/9qqcjbvisvqyhbslqxyf72pazcnkvpyl-direnv-2.36.0",
              "default": true
            }
          ],
          "store_path": "/nix/store/9qqcjbvisvqyhbslqxyf72pazcnkvpyl-direnv-2.36.0"
        },
        "x86_64-linux": {
          "outputs": [
            {
              "name": "out",
              "path": "/nix/store/rjnigckx9rmga58562hxw9kr5hynavcd-direnv-2.36.0",
              "default": true
            }
          ],
          "store_path": "/nix/store/rjnigckx9rmga58562hxw9kr5hynavcd-direnv-2.36.0"
        }
      }
    },
    "github:NixOS/nixpkgs/nixpkgs-unstable": {
      "resolved": "github:NixOS/nixpkgs/b3582c75c7f21ce0b429898980eddbbf05c68e55?lastModified=1746576598&narHash=sha256-FshoQvr6Aor5SnORVvh%2FZdJ1Sa2U4ZrIMwKBX5k2wu0%3D"
    },
    "github:budimanjojo/talhelper": {
      "resolved": "github:budimanjojo/talhelper/40dc750d1a16d4accff03dd9f86621d93d48da33?lastModified=1743047444&narHash=sha256-3eDzCuOEf2pfxpDQsVz%2BAZyg8sUEof4Fxx6L5ov0lVA%3D"
    },
    "jekyll@4.4.1": {
      "last_modified": "2025-05-01T18:18:34Z",
      "resolved": "github:NixOS/nixpkgs/b5dd9efc912ecabeafa4f082d31e19cb1c74266c#jekyll",
      "source": "devbox-search",
      "version": "4.4.1",
      "systems": {
        "aarch64-darwin": {
          "outputs": [
            {
              "name": "out",
              "path": "/nix/store/jh4iw85yzdj5x10jxh20mcm3sk2jglam-jekyll-4.4.1",
              "default": true
            }
          ],
          "store_path": "/nix/store/jh4iw85yzdj5x10jxh20mcm3sk2jglam-jekyll-4.4.1"
        },
        "aarch64-linux": {
          "outputs": [
            {
              "name": "out",
              "path": "/nix/store/crn9qy3nk2v0j8zfcvmpkr2qalwg20bl-jekyll-4.4.1",
              "default": true
            }
          ],
          "store_path": "/nix/store/crn9qy3nk2v0j8zfcvmpkr2qalwg20bl-jekyll-4.4.1"
        },
        "x86_64-darwin": {
          "outputs": [
            {
              "name": "out",
              "path": "/nix/store/0a1qm2w73qnrw3dkkcrgnidcg219i3gd-jekyll-4.4.1",
              "default": true
            }
          ],
          "store_path": "/nix/store/0a1qm2w73qnrw3dkkcrgnidcg219i3gd-jekyll-4.4.1"
        },
        "x86_64-linux": {
          "outputs": [
            {
              "name": "out",
              "path": "/nix/store/bx2zk31xwmr7df4zrqzah8lk0xv67fbd-jekyll-4.4.1",
              "default": true
            }
          ],
          "store_path": "/nix/store/bx2zk31xwmr7df4zrqzah8lk0xv67fbd-jekyll-4.4.1"
        }
      }
    },
    "k9s@0.50.5": {
      "last_modified": "2025-05-12T14:38:58Z",
      "resolved": "github:NixOS/nixpkgs/eaeed9530c76ce5f1d2d8232e08bec5e26f18ec1#k9s",
      "source": "devbox-search",
      "version": "0.50.5",
      "systems": {
        "aarch64-darwin": {
          "outputs": [
            {
              "name": "out",
              "path": "/nix/store/bp7r2dazf80hv9mfafz7jsqqn0n1j65p-k9s-0.50.5",
              "default": true
            }
          ],
          "store_path": "/nix/store/bp7r2dazf80hv9mfafz7jsqqn0n1j65p-k9s-0.50.5"
        },
        "aarch64-linux": {
          "outputs": [
            {
              "name": "out",
              "path": "/nix/store/pf4r0w83j4hxvvxrjhcjiwprx7nr3gbg-k9s-0.50.5",
              "default": true
            }
          ],
          "store_path": "/nix/store/pf4r0w83j4hxvvxrjhcjiwprx7nr3gbg-k9s-0.50.5"
        },
        "x86_64-darwin": {
          "outputs": [
            {
              "name": "out",
              "path": "/nix/store/2680fm87q0flkjs3jgjqs5dcswdclgps-k9s-0.50.5",
              "default": true
            }
          ],
          "store_path": "/nix/store/2680fm87q0flkjs3jgjqs5dcswdclgps-k9s-0.50.5"
        },
        "x86_64-linux": {
          "outputs": [
            {
              "name": "out",
              "path": "/nix/store/8r9vpdd1wyd2msz03b5hkk32lrx3r3j2-k9s-0.50.5",
              "default": true
            }
          ],
          "store_path": "/nix/store/8r9vpdd1wyd2msz03b5hkk32lrx3r3j2-k9s-0.50.5"
        }
      }
    },
    "kubectl@1.33.0": {
      "last_modified": "2025-05-06T08:06:31Z",
      "resolved": "github:NixOS/nixpkgs/1cb1c02a6b1b7cf67e3d7731cbbf327a53da9679#kubectl",
      "source": "devbox-search",
      "version": "1.33.0",
      "systems": {
        "aarch64-darwin": {
          "outputs": [
            {
              "name": "out",
              "path": "/nix/store/ca0rizbf9qc8rqmn3cqzzy65k2il9dz8-kubectl-1.33.0",
              "default": true
            },
            {
              "name": "man",
              "path": "/nix/store/2nj939rw1s5a7n9ky3r7rzpw9mvn0pgm-kubectl-1.33.0-man",
              "default": true
            },
            {
              "name": "convert",
              "path": "/nix/store/4skllfm7pi9fvbrjxc77pwwnkvzbbk9d-kubectl-1.33.0-convert"
            }
          ],
          "store_path": "/nix/store/ca0rizbf9qc8rqmn3cqzzy65k2il9dz8-kubectl-1.33.0"
        },
        "aarch64-linux": {
          "outputs": [
            {
              "name": "out",
              "path": "/nix/store/7zg6c6ia3qvpl90xdpf8ky2wn2kcg42h-kubectl-1.33.0",
              "default": true
            },
            {
              "name": "man",
              "path": "/nix/store/4jh2hs3iawrsfbsih2ddzr42gbhbyixc-kubectl-1.33.0-man",
              "default": true
            },
            {
              "name": "convert",
              "path": "/nix/store/krdav16jc0jvrgpivgwyprkrpvfsmk5n-kubectl-1.33.0-convert"
            }
          ],
          "store_path": "/nix/store/7zg6c6ia3qvpl90xdpf8ky2wn2kcg42h-kubectl-1.33.0"
        },
        "x86_64-darwin": {
          "outputs": [
            {
              "name": "out",
              "path": "/nix/store/j6s7v31ss9qlc79ac363vqnq28p62l8c-kubectl-1.33.0",
              "default": true
            },
            {
              "name": "man",
              "path": "/nix/store/i919x98v35viisiylbgskyi5imjm2ppg-kubectl-1.33.0-man",
              "default": true
            },
            {
              "name": "convert",
              "path": "/nix/store/3rbhqv054ijp51zzh60lbws6ia7madj1-kubectl-1.33.0-convert"
            }
          ],
          "store_path": "/nix/store/j6s7v31ss9qlc79ac363vqnq28p62l8c-kubectl-1.33.0"
        },
        "x86_64-linux": {
          "outputs": [
            {
              "name": "out",
              "path": "/nix/store/9rn354l23mr9kh840kn94c3p9bns4wd4-kubectl-1.33.0",
              "default": true
            },
            {
              "name": "man",
              "path": "/nix/store/sakg9rw3pdg0d0pbpjizvy8vcyydqxrc-kubectl-1.33.0-man",
              "default": true
            },
            {
              "name": "convert",
              "path": "/nix/store/8bs481ic0gwaa5m3qz6hqzxrxnskv3zw-kubectl-1.33.0-convert"
            }
          ],
          "store_path": "/nix/store/9rn354l23mr9kh840kn94c3p9bns4wd4-kubectl-1.33.0"
        }
      }
    },
    "kubernetes-helm@3.17.3": {
      "last_modified": "2025-04-10T20:20:34Z",
      "resolved": "github:NixOS/nixpkgs/d19cf9dfc633816a437204555afeb9e722386b76#kubernetes-helm",
      "source": "devbox-search",
      "version": "3.17.3",
      "systems": {
        "aarch64-darwin": {
          "outputs": [
            {
              "name": "out",
              "path": "/nix/store/lhmnyfjp7w5c0viv8lbn9dh1nchpihbp-kubernetes-helm-3.17.3",
              "default": true
            }
          ],
          "store_path": "/nix/store/lhmnyfjp7w5c0viv8lbn9dh1nchpihbp-kubernetes-helm-3.17.3"
        },
        "aarch64-linux": {
          "outputs": [
            {
              "name": "out",
              "path": "/nix/store/fg2mqhpshjyr0dhpgq5lb1vp7n3gx28a-kubernetes-helm-3.17.3",
              "default": true
            }
          ],
          "store_path": "/nix/store/fg2mqhpshjyr0dhpgq5lb1vp7n3gx28a-kubernetes-helm-3.17.3"
        },
        "x86_64-darwin": {
          "outputs": [
            {
              "name": "out",
              "path": "/nix/store/xspz3rism3lv2fvpxax4b80klsjy5q2z-kubernetes-helm-3.17.3",
              "default": true
            }
          ],
          "store_path": "/nix/store/xspz3rism3lv2fvpxax4b80klsjy5q2z-kubernetes-helm-3.17.3"
        },
        "x86_64-linux": {
          "outputs": [
            {
              "name": "out",
              "path": "/nix/store/q55vhgsdzdp5spag22g7i0cn00knb4ki-kubernetes-helm-3.17.3",
              "default": true
            }
          ],
          "store_path": "/nix/store/q55vhgsdzdp5spag22g7i0cn00knb4ki-kubernetes-helm-3.17.3"
        }
      }
    },
    "kubevirt@1.5.0": {
      "last_modified": "2025-04-17T05:47:26Z",
      "resolved": "github:NixOS/nixpkgs/ebe4301cbd8f81c4f8d3244b3632338bbeb6d49c#kubevirt",
      "source": "devbox-search",
      "version": "1.5.0",
      "systems": {
        "aarch64-darwin": {
          "outputs": [
            {
              "name": "out",
              "path": "/nix/store/yf4haqfb9rjvrwmdvwjz4lc6rhjy8j4w-kubevirt-1.5.0",
              "default": true
            }
          ],
          "store_path": "/nix/store/yf4haqfb9rjvrwmdvwjz4lc6rhjy8j4w-kubevirt-1.5.0"
        },
        "aarch64-linux": {
          "outputs": [
            {
              "name": "out",
              "path": "/nix/store/nhg535mj3x1wi5ihcdcb6023m2c4zckl-kubevirt-1.5.0",
              "default": true
            }
          ],
          "store_path": "/nix/store/nhg535mj3x1wi5ihcdcb6023m2c4zckl-kubevirt-1.5.0"
        },
        "x86_64-darwin": {
          "outputs": [
            {
              "name": "out",
              "path": "/nix/store/2i2r8c5wadmpcr837wnx65fnrb7k8zqb-kubevirt-1.5.0",
              "default": true
            }
          ],
          "store_path": "/nix/store/2i2r8c5wadmpcr837wnx65fnrb7k8zqb-kubevirt-1.5.0"
        },
        "x86_64-linux": {
          "outputs": [
            {
              "name": "out",
              "path": "/nix/store/65gkz0fb5ym9c3bpmx902j53ha6q876q-kubevirt-1.5.0",
              "default": true
            }
          ],
          "store_path": "/nix/store/65gkz0fb5ym9c3bpmx902j53ha6q876q-kubevirt-1.5.0"
        }
      }
    },
    "kustomize@5.6.0": {
      "last_modified": "2025-04-17T05:47:26Z",
      "resolved": "github:NixOS/nixpkgs/ebe4301cbd8f81c4f8d3244b3632338bbeb6d49c#kustomize",
      "source": "devbox-search",
      "version": "5.6.0",
      "systems": {
        "aarch64-darwin": {
          "outputs": [
            {
              "name": "out",
              "path": "/nix/store/9mf5ffhl17xy1hm86z2ic0r7jlfvcq0x-kustomize-5.6.0",
              "default": true
            }
          ],
          "store_path": "/nix/store/9mf5ffhl17xy1hm86z2ic0r7jlfvcq0x-kustomize-5.6.0"
        },
        "aarch64-linux": {
          "outputs": [
            {
              "name": "out",
              "path": "/nix/store/niz4p72ad1npdac6cdisblmhrj5xcpvd-kustomize-5.6.0",
              "default": true
            }
          ],
          "store_path": "/nix/store/niz4p72ad1npdac6cdisblmhrj5xcpvd-kustomize-5.6.0"
        },
        "x86_64-darwin": {
          "outputs": [
            {
              "name": "out",
              "path": "/nix/store/374hy1ndpdyxw3y6d706bxf37qjdr0nv-kustomize-5.6.0",
              "default": true
            }
          ],
          "store_path": "/nix/store/374hy1ndpdyxw3y6d706bxf37qjdr0nv-kustomize-5.6.0"
        },
        "x86_64-linux": {
          "outputs": [
            {
              "name": "out",
              "path": "/nix/store/gxzjnk3qr1wiqhss1l6q3xm2fq5gg5hv-kustomize-5.6.0",
              "default": true
            }
          ],
          "store_path": "/nix/store/gxzjnk3qr1wiqhss1l6q3xm2fq5gg5hv-kustomize-5.6.0"
        }
      }
    },
    "ruby@3.4.3": {
      "last_modified": "2025-05-06T08:06:31Z",
      "plugin_version": "0.0.2",
      "resolved": "github:NixOS/nixpkgs/1cb1c02a6b1b7cf67e3d7731cbbf327a53da9679#ruby_3_4",
      "source": "devbox-search",
      "version": "3.4.3",
      "systems": {
        "aarch64-darwin": {
          "outputs": [
            {
              "name": "out",
              "path": "/nix/store/p2q5p49iy4llg9phm68ykm7cm2s632fj-ruby-3.4.3",
              "default": true
            },
            {
              "name": "devdoc",
              "path": "/nix/store/6z49s43069rivscpqaq4pm9iqinff18a-ruby-3.4.3-devdoc"
            }
          ],
          "store_path": "/nix/store/p2q5p49iy4llg9phm68ykm7cm2s632fj-ruby-3.4.3"
        },
        "aarch64-linux": {
          "outputs": [
            {
              "name": "out",
              "path": "/nix/store/465s5bhzj6z5kwpl9r8jwpz21chz99nd-ruby-3.4.3",
              "default": true
            },
            {
              "name": "devdoc",
              "path": "/nix/store/10fh3y6j8kdj75jlhwykr0fn3s3qcv1g-ruby-3.4.3-devdoc"
            }
          ],
          "store_path": "/nix/store/465s5bhzj6z5kwpl9r8jwpz21chz99nd-ruby-3.4.3"
        },
        "x86_64-darwin": {
          "outputs": [
            {
              "name": "out",
              "path": "/nix/store/k2xxwfcgl9kldr47wcqp7qhslrhbbcxj-ruby-3.4.3",
              "default": true
            },
            {
              "name": "devdoc",
              "path": "/nix/store/7q4s1ndng9pwq8b2vw0vrx0f4f1bhykd-ruby-3.4.3-devdoc"
            }
          ],
          "store_path": "/nix/store/k2xxwfcgl9kldr47wcqp7qhslrhbbcxj-ruby-3.4.3"
        },
        "x86_64-linux": {
          "outputs": [
            {
              "name": "out",
              "path": "/nix/store/66h4mdpszb07x7kxab6cpi1807ikaf2h-ruby-3.4.3",
              "default": true
            },
            {
              "name": "devdoc",
              "path": "/nix/store/yfg2m08fm6066w1ly26xxcrmrvxs5vw3-ruby-3.4.3-devdoc"
            }
          ],
          "store_path": "/nix/store/66h4mdpszb07x7kxab6cpi1807ikaf2h-ruby-3.4.3"
        }
      }
    },
    "sops@3.10.2": {
      "last_modified": "2025-05-06T08:06:31Z",
      "resolved": "github:NixOS/nixpkgs/1cb1c02a6b1b7cf67e3d7731cbbf327a53da9679#sops",
      "source": "devbox-search",
      "version": "3.10.2",
      "systems": {
        "aarch64-darwin": {
          "outputs": [
            {
              "name": "out",
              "path": "/nix/store/jsv3lxk7lrffcn5413qspcbwsi2793wi-sops-3.10.2",
              "default": true
            }
          ],
          "store_path": "/nix/store/jsv3lxk7lrffcn5413qspcbwsi2793wi-sops-3.10.2"
        },
        "aarch64-linux": {
          "outputs": [
            {
              "name": "out",
              "path": "/nix/store/171i22vb1vdz7kdys2ghw1al1xdga086-sops-3.10.2",
              "default": true
            }
          ],
          "store_path": "/nix/store/171i22vb1vdz7kdys2ghw1al1xdga086-sops-3.10.2"
        },
        "x86_64-darwin": {
          "outputs": [
            {
              "name": "out",
              "path": "/nix/store/fdalgylp4xx43d4cqq7756jkzl9v0yqs-sops-3.10.2",
              "default": true
            }
          ],
          "store_path": "/nix/store/fdalgylp4xx43d4cqq7756jkzl9v0yqs-sops-3.10.2"
        },
        "x86_64-linux": {
          "outputs": [
            {
              "name": "out",
              "path": "/nix/store/51044ay64qwwcggppjz1h3942ll09nl5-sops-3.10.2",
              "default": true
            }
          ],
          "store_path": "/nix/store/51044ay64qwwcggppjz1h3942ll09nl5-sops-3.10.2"
        }
      }
    },
    "talosctl@1.10.0": {
      "last_modified": "2025-05-06T08:06:31Z",
      "resolved": "github:NixOS/nixpkgs/1cb1c02a6b1b7cf67e3d7731cbbf327a53da9679#talosctl",
      "source": "devbox-search",
      "version": "1.10.0",
      "systems": {
        "aarch64-darwin": {
          "outputs": [
            {
              "name": "out",
              "path": "/nix/store/28izdnczr0l0zjabkvc07bb8qs2vr5bz-talosctl-1.10.0",
              "default": true
            }
          ],
          "store_path": "/nix/store/28izdnczr0l0zjabkvc07bb8qs2vr5bz-talosctl-1.10.0"
        },
        "aarch64-linux": {
          "outputs": [
            {
              "name": "out",
              "path": "/nix/store/8hkwhkksqbaqhqk0xpq7ila4r012l6q9-talosctl-1.10.0",
              "default": true
            }
          ],
          "store_path": "/nix/store/8hkwhkksqbaqhqk0xpq7ila4r012l6q9-talosctl-1.10.0"
        },
        "x86_64-darwin": {
          "outputs": [
            {
              "name": "out",
              "path": "/nix/store/7c84l9k983rrayj6qkgns5rgrdmvc636-talosctl-1.10.0",
              "default": true
            }
          ],
          "store_path": "/nix/store/7c84l9k983rrayj6qkgns5rgrdmvc636-talosctl-1.10.0"
        },
        "x86_64-linux": {
          "outputs": [
            {
              "name": "out",
              "path": "/nix/store/109ipr7xxz4ismblginzbk126pcihgja-talosctl-1.10.0",
              "default": true
            }
          ],
          "store_path": "/nix/store/109ipr7xxz4ismblginzbk126pcihgja-talosctl-1.10.0"
        }
      }
    }
  }
}
