{
  "lockfile_version": "1",
  "packages": {
    "age@latest": {
      "last_modified": "2025-03-11T17:52:14Z",
      "resolved": "github:NixOS/nixpkgs/0d534853a55b5d02a4ababa1d71921ce8f0aee4c#age",
      "source": "devbox-search",
      "version": "1.2.1",
      "systems": {
        "aarch64-darwin": {
          "outputs": [
            {
              "name": "out",
              "path": "/nix/store/cgs4g091zx1d0wflwb8zp5gk28qq7rq7-age-1.2.1",
              "default": true
            }
          ],
          "store_path": "/nix/store/cgs4g091zx1d0wflwb8zp5gk28qq7rq7-age-1.2.1"
        },
        "aarch64-linux": {
          "outputs": [
            {
              "name": "out",
              "path": "/nix/store/kkb1sy4g8bcpvx3a4n8a4hicf7hwjxx0-age-1.2.1",
              "default": true
            }
          ],
          "store_path": "/nix/store/kkb1sy4g8bcpvx3a4n8a4hicf7hwjxx0-age-1.2.1"
        },
        "x86_64-darwin": {
          "outputs": [
            {
              "name": "out",
              "path": "/nix/store/jvz4pw4fcn9friap1sa8k4chmpwz3k8h-age-1.2.1",
              "default": true
            }
          ],
          "store_path": "/nix/store/jvz4pw4fcn9friap1sa8k4chmpwz3k8h-age-1.2.1"
        },
        "x86_64-linux": {
          "outputs": [
            {
              "name": "out",
              "path": "/nix/store/pjfwnqbl19clbr85v4jj7bprns8s0ln2-age-1.2.1",
              "default": true
            }
          ],
          "store_path": "/nix/store/pjfwnqbl19clbr85v4jj7bprns8s0ln2-age-1.2.1"
        }
      }
    },
    "argocd@latest": {
      "last_modified": "2025-03-23T05:31:05Z",
      "resolved": "github:NixOS/nixpkgs/dd613136ee91f67e5dba3f3f41ac99ae89c5406b#argocd",
      "source": "devbox-search",
      "version": "2.14.7",
      "systems": {
        "aarch64-darwin": {
          "outputs": [
            {
              "name": "out",
              "path": "/nix/store/a3ayq04brh76r8xqvc0svrgsvw3ik49q-argocd-2.14.7",
              "default": true
            }
          ],
          "store_path": "/nix/store/a3ayq04brh76r8xqvc0svrgsvw3ik49q-argocd-2.14.7"
        },
        "aarch64-linux": {
          "outputs": [
            {
              "name": "out",
              "path": "/nix/store/c17irs6cxbqm0323q36amzyxqchdq97z-argocd-2.14.7",
              "default": true
            }
          ],
          "store_path": "/nix/store/c17irs6cxbqm0323q36amzyxqchdq97z-argocd-2.14.7"
        },
        "x86_64-darwin": {
          "outputs": [
            {
              "name": "out",
              "path": "/nix/store/zqkar9yb23hh45h0apznm1va5wyir0b2-argocd-2.14.7",
              "default": true
            }
          ],
          "store_path": "/nix/store/zqkar9yb23hh45h0apznm1va5wyir0b2-argocd-2.14.7"
        },
        "x86_64-linux": {
          "outputs": [
            {
              "name": "out",
              "path": "/nix/store/zwij205sk24h4nw5yp9d7g9labjjhqma-argocd-2.14.7",
              "default": true
            }
          ],
          "store_path": "/nix/store/zwij205sk24h4nw5yp9d7g9labjjhqma-argocd-2.14.7"
        }
      }
    },
    "direnv@latest": {
      "last_modified": "2025-03-19T14:38:57Z",
      "resolved": "github:NixOS/nixpkgs/2a725d40de138714db4872dc7405d86457aa17ad#direnv",
      "source": "devbox-search",
      "version": "2.35.0",
      "systems": {
        "aarch64-darwin": {
          "outputs": [
            {
              "name": "out",
              "path": "/nix/store/s00c6m4mdmx9v6np5wvwdrdlkcj6a2ch-direnv-2.35.0",
              "default": true
            }
          ],
          "store_path": "/nix/store/s00c6m4mdmx9v6np5wvwdrdlkcj6a2ch-direnv-2.35.0"
        },
        "aarch64-linux": {
          "outputs": [
            {
              "name": "out",
              "path": "/nix/store/sap4ai8gnlywb732x6rslmsx4j9fiwkz-direnv-2.35.0",
              "default": true
            }
          ],
          "store_path": "/nix/store/sap4ai8gnlywb732x6rslmsx4j9fiwkz-direnv-2.35.0"
        },
        "x86_64-darwin": {
          "outputs": [
            {
              "name": "out",
              "path": "/nix/store/k490nla03204kdifvddwy0s3jz0cqbri-direnv-2.35.0",
              "default": true
            }
          ],
          "store_path": "/nix/store/k490nla03204kdifvddwy0s3jz0cqbri-direnv-2.35.0"
        },
        "x86_64-linux": {
          "outputs": [
            {
              "name": "out",
              "path": "/nix/store/a2f68ipvpd810x3cnsk9i1jzzsx6f01s-direnv-2.35.0",
              "default": true
            }
          ],
          "store_path": "/nix/store/a2f68ipvpd810x3cnsk9i1jzzsx6f01s-direnv-2.35.0"
        }
      }
    },
    "github:NixOS/nixpkgs/nixpkgs-unstable": {
      "resolved": "github:NixOS/nixpkgs/63158b9cbb6ec93d26255871c447b0f01da81619?lastModified=1743320628&narHash=sha256-FurMxmjEEqEMld11eX2vgfAx0Rz0JhoFm8UgxbfCZa8%3D"
    },
    "github:budimanjojo/talhelper": {
      "resolved": "github:budimanjojo/talhelper/40dc750d1a16d4accff03dd9f86621d93d48da33?lastModified=1743047444&narHash=sha256-3eDzCuOEf2pfxpDQsVz%2BAZyg8sUEof4Fxx6L5ov0lVA%3D"
    },
    "k9s@latest": {
      "last_modified": "2025-03-23T05:31:05Z",
      "resolved": "github:NixOS/nixpkgs/dd613136ee91f67e5dba3f3f41ac99ae89c5406b#k9s",
      "source": "devbox-search",
      "version": "0.40.10",
      "systems": {
        "aarch64-darwin": {
          "outputs": [
            {
              "name": "out",
              "path": "/nix/store/c2pa1yiw32mailg012pp9mnrqz9578rw-k9s-0.40.10",
              "default": true
            }
          ],
          "store_path": "/nix/store/c2pa1yiw32mailg012pp9mnrqz9578rw-k9s-0.40.10"
        },
        "aarch64-linux": {
          "outputs": [
            {
              "name": "out",
              "path": "/nix/store/bc6da7fr0wj0niqm7dsqs3fsy0xqjnmc-k9s-0.40.10",
              "default": true
            }
          ],
          "store_path": "/nix/store/bc6da7fr0wj0niqm7dsqs3fsy0xqjnmc-k9s-0.40.10"
        },
        "x86_64-darwin": {
          "outputs": [
            {
              "name": "out",
              "path": "/nix/store/y351iddyl6gsdsbmm63npx5a8bxhrahd-k9s-0.40.10",
              "default": true
            }
          ],
          "store_path": "/nix/store/y351iddyl6gsdsbmm63npx5a8bxhrahd-k9s-0.40.10"
        },
        "x86_64-linux": {
          "outputs": [
            {
              "name": "out",
              "path": "/nix/store/vjz71svbgk1m77sb2cazzsk48gxz881n-k9s-0.40.10",
              "default": true
            }
          ],
          "store_path": "/nix/store/vjz71svbgk1m77sb2cazzsk48gxz881n-k9s-0.40.10"
        }
      }
    },
    "kubectl@latest": {
      "last_modified": "2025-03-22T01:19:59Z",
      "resolved": "github:NixOS/nixpkgs/0740f6f238767d4caf9afe774d3e88105766dfc6#kubectl",
      "source": "devbox-search",
      "version": "1.32.3",
      "systems": {
        "aarch64-darwin": {
          "outputs": [
            {
              "name": "out",
              "path": "/nix/store/7b2rpxkv6v4a29bk9dp4gqs57zhf9v9p-kubectl-1.32.3",
              "default": true
            },
            {
              "name": "man",
              "path": "/nix/store/rm3753bbn2kxmwyxy7rir8z80g71lrrx-kubectl-1.32.3-man",
              "default": true
            },
            {
              "name": "convert",
              "path": "/nix/store/fi6g9qi63p7ivvz3qsipfaxmym7qi623-kubectl-1.32.3-convert"
            }
          ],
          "store_path": "/nix/store/7b2rpxkv6v4a29bk9dp4gqs57zhf9v9p-kubectl-1.32.3"
        },
        "aarch64-linux": {
          "outputs": [
            {
              "name": "out",
              "path": "/nix/store/xxngczzyxq22m1i8pc9a57w16kzir33f-kubectl-1.32.3",
              "default": true
            },
            {
              "name": "man",
              "path": "/nix/store/n547iajzrqypmy89s5j2iyrdjn56fd5v-kubectl-1.32.3-man",
              "default": true
            },
            {
              "name": "convert",
              "path": "/nix/store/0frwvbmd2zxx2n1s7vw15cbdj7iw95js-kubectl-1.32.3-convert"
            }
          ],
          "store_path": "/nix/store/xxngczzyxq22m1i8pc9a57w16kzir33f-kubectl-1.32.3"
        },
        "x86_64-darwin": {
          "outputs": [
            {
              "name": "out",
              "path": "/nix/store/95lpgw52n8x18ams6bz9nm68sml870rs-kubectl-1.32.3",
              "default": true
            },
            {
              "name": "man",
              "path": "/nix/store/3ilj3sca004bmzi0kp2lwihbqb2j2j2l-kubectl-1.32.3-man",
              "default": true
            },
            {
              "name": "convert",
              "path": "/nix/store/k2wr9b02pgyj7r5fz959vxys2w3s4j5v-kubectl-1.32.3-convert"
            }
          ],
          "store_path": "/nix/store/95lpgw52n8x18ams6bz9nm68sml870rs-kubectl-1.32.3"
        },
        "x86_64-linux": {
          "outputs": [
            {
              "name": "out",
              "path": "/nix/store/yaqxnlxynfil1c6lvxfrnmh06yfqarn8-kubectl-1.32.3",
              "default": true
            },
            {
              "name": "man",
              "path": "/nix/store/xdh1fr0b4dnladi7dwa0q2vwf878g9qd-kubectl-1.32.3-man",
              "default": true
            },
            {
              "name": "convert",
              "path": "/nix/store/5x3bhl684w2lmpg7k5dl8rz1408ci32g-kubectl-1.32.3-convert"
            }
          ],
          "store_path": "/nix/store/yaqxnlxynfil1c6lvxfrnmh06yfqarn8-kubectl-1.32.3"
        }
      }
    },
    "kubevirt@latest": {
      "last_modified": "2025-03-16T16:17:41Z",
      "resolved": "github:NixOS/nixpkgs/8f76cf16b17c51ae0cc8e55488069593f6dab645#kubevirt",
      "source": "devbox-search",
      "version": "1.5.0",
      "systems": {
        "aarch64-darwin": {
          "outputs": [
            {
              "name": "out",
              "path": "/nix/store/w1s3hap48l8ss1zg1lfk3wy4kq04bxwf-kubevirt-1.5.0",
              "default": true
            }
          ],
          "store_path": "/nix/store/w1s3hap48l8ss1zg1lfk3wy4kq04bxwf-kubevirt-1.5.0"
        },
        "aarch64-linux": {
          "outputs": [
            {
              "name": "out",
              "path": "/nix/store/06zv90wvkds76vm95iwmsr4wl6kw1bms-kubevirt-1.5.0",
              "default": true
            }
          ],
          "store_path": "/nix/store/06zv90wvkds76vm95iwmsr4wl6kw1bms-kubevirt-1.5.0"
        },
        "x86_64-darwin": {
          "outputs": [
            {
              "name": "out",
              "path": "/nix/store/dr5c1dgwbd04gp1110a9p5hw5pp22ms6-kubevirt-1.5.0",
              "default": true
            }
          ],
          "store_path": "/nix/store/dr5c1dgwbd04gp1110a9p5hw5pp22ms6-kubevirt-1.5.0"
        },
        "x86_64-linux": {
          "outputs": [
            {
              "name": "out",
              "path": "/nix/store/ncy9hmhgmicawgrpw9xqabxkl80kkkqa-kubevirt-1.5.0",
              "default": true
            }
          ],
          "store_path": "/nix/store/ncy9hmhgmicawgrpw9xqabxkl80kkkqa-kubevirt-1.5.0"
        }
      }
    },
    "kustomize@latest": {
      "last_modified": "2025-03-11T17:52:14Z",
      "resolved": "github:NixOS/nixpkgs/0d534853a55b5d02a4ababa1d71921ce8f0aee4c#kustomize",
      "source": "devbox-search",
      "version": "5.6.0",
      "systems": {
        "aarch64-darwin": {
          "outputs": [
            {
              "name": "out",
              "path": "/nix/store/psv0pkib82866f7062hrmmmwc2i0csbf-kustomize-5.6.0",
              "default": true
            }
          ],
          "store_path": "/nix/store/psv0pkib82866f7062hrmmmwc2i0csbf-kustomize-5.6.0"
        },
        "aarch64-linux": {
          "outputs": [
            {
              "name": "out",
              "path": "/nix/store/xa8s3a4fafwl36a5kb2xwwph8w36rw6y-kustomize-5.6.0",
              "default": true
            }
          ],
          "store_path": "/nix/store/xa8s3a4fafwl36a5kb2xwwph8w36rw6y-kustomize-5.6.0"
        },
        "x86_64-darwin": {
          "outputs": [
            {
              "name": "out",
              "path": "/nix/store/rg8hri8d2q0p5d3aix7nb26nlsdrn60q-kustomize-5.6.0",
              "default": true
            }
          ],
          "store_path": "/nix/store/rg8hri8d2q0p5d3aix7nb26nlsdrn60q-kustomize-5.6.0"
        },
        "x86_64-linux": {
          "outputs": [
            {
              "name": "out",
              "path": "/nix/store/cwclm6315x1cn2kswzfhfcqp13qf44b0-kustomize-5.6.0",
              "default": true
            }
          ],
          "store_path": "/nix/store/cwclm6315x1cn2kswzfhfcqp13qf44b0-kustomize-5.6.0"
        }
      }
    },
    "sops@latest": {
      "last_modified": "2025-03-11T17:52:14Z",
      "resolved": "github:NixOS/nixpkgs/0d534853a55b5d02a4ababa1d71921ce8f0aee4c#sops",
      "source": "devbox-search",
      "version": "3.9.4",
      "systems": {
        "aarch64-darwin": {
          "outputs": [
            {
              "name": "out",
              "path": "/nix/store/8dg9gym9yz0fkjm638d4jk8yk5jvr03z-sops-3.9.4",
              "default": true
            }
          ],
          "store_path": "/nix/store/8dg9gym9yz0fkjm638d4jk8yk5jvr03z-sops-3.9.4"
        },
        "aarch64-linux": {
          "outputs": [
            {
              "name": "out",
              "path": "/nix/store/jydiyabbwfr8ffy7pn9lgyfa8h1494ds-sops-3.9.4",
              "default": true
            }
          ],
          "store_path": "/nix/store/jydiyabbwfr8ffy7pn9lgyfa8h1494ds-sops-3.9.4"
        },
        "x86_64-darwin": {
          "outputs": [
            {
              "name": "out",
              "path": "/nix/store/n673v07r0hxcax5ma8zi1vjg590cim80-sops-3.9.4",
              "default": true
            }
          ],
          "store_path": "/nix/store/n673v07r0hxcax5ma8zi1vjg590cim80-sops-3.9.4"
        },
        "x86_64-linux": {
          "outputs": [
            {
              "name": "out",
              "path": "/nix/store/zplcmi1lbjmaf4rhc90mgsbxglip7ind-sops-3.9.4",
              "default": true
            }
          ],
          "store_path": "/nix/store/zplcmi1lbjmaf4rhc90mgsbxglip7ind-sops-3.9.4"
        }
      }
    },
    "talosctl@latest": {
      "last_modified": "2025-03-13T11:38:39Z",
      "resolved": "github:NixOS/nixpkgs/573c650e8a14b2faa0041645ab18aed7e60f0c9a#talosctl",
      "source": "devbox-search",
      "version": "1.9.5",
      "systems": {
        "aarch64-darwin": {
          "outputs": [
            {
              "name": "out",
              "path": "/nix/store/dm8cqyya3rh8x9x7cyxjx0qq5fjvzy4c-talosctl-1.9.5",
              "default": true
            }
          ],
          "store_path": "/nix/store/dm8cqyya3rh8x9x7cyxjx0qq5fjvzy4c-talosctl-1.9.5"
        },
        "aarch64-linux": {
          "outputs": [
            {
              "name": "out",
              "path": "/nix/store/7kp4fk8vqm9pvbgiqf625s1c702h7pq1-talosctl-1.9.5",
              "default": true
            }
          ],
          "store_path": "/nix/store/7kp4fk8vqm9pvbgiqf625s1c702h7pq1-talosctl-1.9.5"
        },
        "x86_64-darwin": {
          "outputs": [
            {
              "name": "out",
              "path": "/nix/store/zlr4m8bq3mgvg9sjw1f93qxz34jj0ziq-talosctl-1.9.5",
              "default": true
            }
          ],
          "store_path": "/nix/store/zlr4m8bq3mgvg9sjw1f93qxz34jj0ziq-talosctl-1.9.5"
        },
        "x86_64-linux": {
          "outputs": [
            {
              "name": "out",
              "path": "/nix/store/z35nkvqj0r3rxphbahawqyccw4vixyh8-talosctl-1.9.5",
              "default": true
            }
          ],
          "store_path": "/nix/store/z35nkvqj0r3rxphbahawqyccw4vixyh8-talosctl-1.9.5"
        }
      }
    }
  }
}
