{
  "lockfile_version": "1",
  "packages": {
    "age@1.2.1": {
      "last_modified": "2025-05-16T20:19:48Z",
      "resolved": "github:NixOS/nixpkgs/12a55407652e04dcf2309436eb06fef0d3713ef3#age",
      "source": "devbox-search",
      "version": "1.2.1",
      "systems": {
        "aarch64-darwin": {
          "outputs": [
            {
              "name": "out",
              "path": "/nix/store/qlhwy976ydhksypl9q3v66sxa3bzy6by-age-1.2.1",
              "default": true
            }
          ],
          "store_path": "/nix/store/qlhwy976ydhksypl9q3v66sxa3bzy6by-age-1.2.1"
        },
        "aarch64-linux": {
          "outputs": [
            {
              "name": "out",
              "path": "/nix/store/sddfkxn6b0kij6l4cwmsxf06wvpj0i4c-age-1.2.1",
              "default": true
            }
          ],
          "store_path": "/nix/store/sddfkxn6b0kij6l4cwmsxf06wvpj0i4c-age-1.2.1"
        },
        "x86_64-darwin": {
          "outputs": [
            {
              "name": "out",
              "path": "/nix/store/idigfw0lc18m0gb77dzx9zvp9z7nji8c-age-1.2.1",
              "default": true
            }
          ],
          "store_path": "/nix/store/idigfw0lc18m0gb77dzx9zvp9z7nji8c-age-1.2.1"
        },
        "x86_64-linux": {
          "outputs": [
            {
              "name": "out",
              "path": "/nix/store/z305n5km4fkdij9z0w87mvv9rpsfsnmm-age-1.2.1",
              "default": true
            }
          ],
          "store_path": "/nix/store/z305n5km4fkdij9z0w87mvv9rpsfsnmm-age-1.2.1"
        }
      }
    },
    "argocd@2.14.11": {
      "last_modified": "2025-05-16T20:19:48Z",
      "resolved": "github:NixOS/nixpkgs/12a55407652e04dcf2309436eb06fef0d3713ef3#argocd",
      "source": "devbox-search",
      "version": "2.14.11",
      "systems": {
        "aarch64-darwin": {
          "outputs": [
            {
              "name": "out",
              "path": "/nix/store/yw33qpp6rg4r176yvdmvp4zwswynrmsl-argocd-2.14.11",
              "default": true
            }
          ],
          "store_path": "/nix/store/yw33qpp6rg4r176yvdmvp4zwswynrmsl-argocd-2.14.11"
        },
        "aarch64-linux": {
          "outputs": [
            {
              "name": "out",
              "path": "/nix/store/qi3z0kl0w9cscw76g6x34927n1dfbjjh-argocd-2.14.11",
              "default": true
            }
          ],
          "store_path": "/nix/store/qi3z0kl0w9cscw76g6x34927n1dfbjjh-argocd-2.14.11"
        },
        "x86_64-darwin": {
          "outputs": [
            {
              "name": "out",
              "path": "/nix/store/s4cf6hh4qpmyywfkdm9z75i5yxx72qq7-argocd-2.14.11",
              "default": true
            }
          ],
          "store_path": "/nix/store/s4cf6hh4qpmyywfkdm9z75i5yxx72qq7-argocd-2.14.11"
        },
        "x86_64-linux": {
          "outputs": [
            {
              "name": "out",
              "path": "/nix/store/c1cx9j19132wr5rbhldwvkvnc1xh0hgi-argocd-2.14.11",
              "default": true
            }
          ],
          "store_path": "/nix/store/c1cx9j19132wr5rbhldwvkvnc1xh0hgi-argocd-2.14.11"
        }
      }
    },
    "direnv@2.37.0": {
      "last_modified": "2025-07-13T22:45:35Z",
      "resolved": "github:NixOS/nixpkgs/a421ac6595024edcfbb1ef950a3712b89161c359#direnv",
      "source": "devbox-search",
      "version": "2.37.0",
      "systems": {
        "aarch64-darwin": {
          "outputs": [
            {
              "name": "out",
              "path": "/nix/store/fh8hqhbj1k0b2g0ivhhrpdbm09msjb8v-direnv-2.37.0",
              "default": true
            }
          ],
          "store_path": "/nix/store/fh8hqhbj1k0b2g0ivhhrpdbm09msjb8v-direnv-2.37.0"
        },
        "aarch64-linux": {
          "outputs": [
            {
              "name": "out",
              "path": "/nix/store/hjlgzr19iskbmd5kc4abyaw4fpzk8p21-direnv-2.37.0",
              "default": true
            }
          ],
          "store_path": "/nix/store/hjlgzr19iskbmd5kc4abyaw4fpzk8p21-direnv-2.37.0"
        },
        "x86_64-darwin": {
          "outputs": [
            {
              "name": "out",
              "path": "/nix/store/kjwzjl9rflm6j9p9wwl4yjim9wl7yabs-direnv-2.37.0",
              "default": true
            }
          ],
          "store_path": "/nix/store/kjwzjl9rflm6j9p9wwl4yjim9wl7yabs-direnv-2.37.0"
        },
        "x86_64-linux": {
          "outputs": [
            {
              "name": "out",
              "path": "/nix/store/g0y8q1v5gash235qqbw5187bd4qsp149-direnv-2.37.0",
              "default": true
            }
          ],
          "store_path": "/nix/store/g0y8q1v5gash235qqbw5187bd4qsp149-direnv-2.37.0"
        }
      }
    },
    "github:NixOS/nixpkgs/nixpkgs-unstable": {
      "last_modified": "2025-06-02T09:36:13Z",
      "resolved": "github:NixOS/nixpkgs/e4b09e47ace7d87de083786b404bf232eb6c89d8?lastModified=1748856973&narHash=sha256-RlTsJUvvr8ErjPBsiwrGbbHYW8XbB%2Foek0Gi78XdWKg%3D"
    },
    "jekyll@4.4.1": {
      "last_modified": "2025-05-18T01:51:26Z",
      "resolved": "github:NixOS/nixpkgs/8406224e30c258025cb8b31704bdb977a8f1f009#jekyll",
      "source": "devbox-search",
      "version": "4.4.1",
      "systems": {
        "aarch64-darwin": {
          "outputs": [
            {
              "name": "out",
              "path": "/nix/store/9wi7yn5wq68ry71mdi9wxj2skkipzf9w-jekyll-4.4.1",
              "default": true
            }
          ],
          "store_path": "/nix/store/9wi7yn5wq68ry71mdi9wxj2skkipzf9w-jekyll-4.4.1"
        },
        "aarch64-linux": {
          "outputs": [
            {
              "name": "out",
              "path": "/nix/store/6x3s1lx2p4lfr32ymv8rrcgg5d63lq2m-jekyll-4.4.1",
              "default": true
            }
          ],
          "store_path": "/nix/store/6x3s1lx2p4lfr32ymv8rrcgg5d63lq2m-jekyll-4.4.1"
        },
        "x86_64-darwin": {
          "outputs": [
            {
              "name": "out",
              "path": "/nix/store/v95qa6cvisf5h4qdq72i091384w7w60b-jekyll-4.4.1",
              "default": true
            }
          ],
          "store_path": "/nix/store/v95qa6cvisf5h4qdq72i091384w7w60b-jekyll-4.4.1"
        },
        "x86_64-linux": {
          "outputs": [
            {
              "name": "out",
              "path": "/nix/store/wwydf51vlg1wsyqmc667rmmdgmkjqbb6-jekyll-4.4.1",
              "default": true
            }
          ],
          "store_path": "/nix/store/wwydf51vlg1wsyqmc667rmmdgmkjqbb6-jekyll-4.4.1"
        }
      }
    },
    "k9s@0.50.7": {
      "last_modified": "2025-07-15T16:15:05Z",
      "resolved": "github:NixOS/nixpkgs/dab3a6e781554f965bde3def0aa2fda4eb8f1708#k9s",
      "source": "devbox-search",
      "version": "0.50.7",
      "systems": {
        "aarch64-darwin": {
          "outputs": [
            {
              "name": "out",
              "path": "/nix/store/4rxjcgw55yf52ixv93rmyql6nagfgifb-k9s-0.50.7",
              "default": true
            }
          ],
          "store_path": "/nix/store/4rxjcgw55yf52ixv93rmyql6nagfgifb-k9s-0.50.7"
        },
        "aarch64-linux": {
          "outputs": [
            {
              "name": "out",
              "path": "/nix/store/jhhjh8x7rpjy9pwwv52mdp1y93184rjg-k9s-0.50.7",
              "default": true
            }
          ],
          "store_path": "/nix/store/jhhjh8x7rpjy9pwwv52mdp1y93184rjg-k9s-0.50.7"
        },
        "x86_64-darwin": {
          "outputs": [
            {
              "name": "out",
              "path": "/nix/store/s03h0ib0rk070448kg79dgyymz2sjqnr-k9s-0.50.7",
              "default": true
            }
          ],
          "store_path": "/nix/store/s03h0ib0rk070448kg79dgyymz2sjqnr-k9s-0.50.7"
        },
        "x86_64-linux": {
          "outputs": [
            {
              "name": "out",
              "path": "/nix/store/0swxjjmafpgkvw5fawsc7f3x0jpw37pg-k9s-0.50.7",
              "default": true
            }
          ],
          "store_path": "/nix/store/0swxjjmafpgkvw5fawsc7f3x0jpw37pg-k9s-0.50.7"
        }
      }
    },
    "kubectl@1.33.2": {
      "last_modified": "2025-06-24T02:18:21Z",
      "resolved": "github:NixOS/nixpkgs/69dfebb3d175bde602f612915c5576a41b18486b#kubectl",
      "source": "devbox-search",
      "version": "1.33.2",
      "systems": {
        "aarch64-darwin": {
          "outputs": [
            {
              "name": "out",
              "path": "/nix/store/3wkf3fdmr0fih985wfys1ww50bc3h7rw-kubectl-1.33.2",
              "default": true
            },
            {
              "name": "man",
              "path": "/nix/store/ak2m30yf18kkqmaya0ydpdjwn0zsxc4n-kubectl-1.33.2-man",
              "default": true
            },
            {
              "name": "convert",
              "path": "/nix/store/gv3hrpka75q4b7alipw8l17nfl3x8zsy-kubectl-1.33.2-convert"
            }
          ],
          "store_path": "/nix/store/3wkf3fdmr0fih985wfys1ww50bc3h7rw-kubectl-1.33.2"
        },
        "aarch64-linux": {
          "outputs": [
            {
              "name": "out",
              "path": "/nix/store/3kami7n1lmlnmsxkb9rw5wi5ifrxsspq-kubectl-1.33.2",
              "default": true
            },
            {
              "name": "man",
              "path": "/nix/store/5dks8ys8p6gxbihncwrsv14g7k57cqki-kubectl-1.33.2-man",
              "default": true
            },
            {
              "name": "convert",
              "path": "/nix/store/i6z2z31ys86fgv2d5hg1pqjkaxiz4nj4-kubectl-1.33.2-convert"
            }
          ],
          "store_path": "/nix/store/3kami7n1lmlnmsxkb9rw5wi5ifrxsspq-kubectl-1.33.2"
        },
        "x86_64-darwin": {
          "outputs": [
            {
              "name": "out",
              "path": "/nix/store/hxsqda44nbnpmmnycxj01pgaf8npdlbf-kubectl-1.33.2",
              "default": true
            },
            {
              "name": "man",
              "path": "/nix/store/hna89iqmim83bv2k7jv8rn51s1r0gn0s-kubectl-1.33.2-man",
              "default": true
            },
            {
              "name": "convert",
              "path": "/nix/store/06waawlgkz5sf3l1kmq2zghks2rh32sf-kubectl-1.33.2-convert"
            }
          ],
          "store_path": "/nix/store/hxsqda44nbnpmmnycxj01pgaf8npdlbf-kubectl-1.33.2"
        },
        "x86_64-linux": {
          "outputs": [
            {
              "name": "out",
              "path": "/nix/store/17hz4mgnd2s1x48x5plyg63q46xprywp-kubectl-1.33.2",
              "default": true
            },
            {
              "name": "man",
              "path": "/nix/store/1dlk3sma52pi5zzklqk6kgn1cq9fmlia-kubectl-1.33.2-man",
              "default": true
            },
            {
              "name": "convert",
              "path": "/nix/store/1c8nqwzjdxykbq49sgb8wpba6w2j0qx7-kubectl-1.33.2-convert"
            }
          ],
          "store_path": "/nix/store/17hz4mgnd2s1x48x5plyg63q46xprywp-kubectl-1.33.2"
        }
      }
    },
    "kubernetes-helm@3.18.4": {
      "last_modified": "2025-07-09T16:14:05Z",
      "resolved": "github:NixOS/nixpkgs/be9e214982e20b8310878ac2baa063a961c1bdf6#kubernetes-helm",
      "source": "devbox-search",
      "version": "3.18.4",
      "systems": {
        "aarch64-darwin": {
          "outputs": [
            {
              "name": "out",
              "path": "/nix/store/zhqxq2ay7rkg69334i35h6db91lh6av6-kubernetes-helm-3.18.4",
              "default": true
            }
          ],
          "store_path": "/nix/store/zhqxq2ay7rkg69334i35h6db91lh6av6-kubernetes-helm-3.18.4"
        },
        "aarch64-linux": {
          "outputs": [
            {
              "name": "out",
              "path": "/nix/store/jbq5k7wk4jmc93i70pn6mvpcr26cv3q3-kubernetes-helm-3.18.4",
              "default": true
            }
          ],
          "store_path": "/nix/store/jbq5k7wk4jmc93i70pn6mvpcr26cv3q3-kubernetes-helm-3.18.4"
        },
        "x86_64-darwin": {
          "outputs": [
            {
              "name": "out",
              "path": "/nix/store/s462z4xn3x4sih6h6bqhrxm28al0z2zi-kubernetes-helm-3.18.4",
              "default": true
            }
          ],
          "store_path": "/nix/store/s462z4xn3x4sih6h6bqhrxm28al0z2zi-kubernetes-helm-3.18.4"
        },
        "x86_64-linux": {
          "outputs": [
            {
              "name": "out",
              "path": "/nix/store/sw9fbw43s72yi85ssgdicsqcizj9f288-kubernetes-helm-3.18.4",
              "default": true
            }
          ],
          "store_path": "/nix/store/sw9fbw43s72yi85ssgdicsqcizj9f288-kubernetes-helm-3.18.4"
        }
      }
    },
    "kubevirt@1.5.2": {
      "last_modified": "2025-06-17T18:11:34Z",
      "resolved": "github:NixOS/nixpkgs/f45e75fc63fc8a7ffc3da382b2f6b681c5b71875#kubevirt",
      "source": "devbox-search",
      "version": "1.5.2",
      "systems": {
        "aarch64-darwin": {
          "outputs": [
            {
              "name": "out",
              "path": "/nix/store/z5f24cg8xw1m2mvq2cnbvvq7rd0rnlwa-kubevirt-1.5.2",
              "default": true
            }
          ],
          "store_path": "/nix/store/z5f24cg8xw1m2mvq2cnbvvq7rd0rnlwa-kubevirt-1.5.2"
        },
        "aarch64-linux": {
          "outputs": [
            {
              "name": "out",
              "path": "/nix/store/w93nk33r6n2l51bd2svfayj1b9a57n9b-kubevirt-1.5.2",
              "default": true
            }
          ],
          "store_path": "/nix/store/w93nk33r6n2l51bd2svfayj1b9a57n9b-kubevirt-1.5.2"
        },
        "x86_64-darwin": {
          "outputs": [
            {
              "name": "out",
              "path": "/nix/store/zjg6cc5f47afp9xyal2qakkfv8i6232f-kubevirt-1.5.2",
              "default": true
            }
          ],
          "store_path": "/nix/store/zjg6cc5f47afp9xyal2qakkfv8i6232f-kubevirt-1.5.2"
        },
        "x86_64-linux": {
          "outputs": [
            {
              "name": "out",
              "path": "/nix/store/w7l1yfmcmpg8dj4l32zcf3ymf3airpyy-kubevirt-1.5.2",
              "default": true
            }
          ],
          "store_path": "/nix/store/w7l1yfmcmpg8dj4l32zcf3ymf3airpyy-kubevirt-1.5.2"
        }
      }
    },
    "kustomize@5.7.0": {
      "last_modified": "2025-06-30T02:52:09Z",
      "resolved": "github:NixOS/nixpkgs/b95255df2360a45ddbb03817a68869d5cb01bf96#kustomize",
      "source": "devbox-search",
      "version": "5.7.0",
      "systems": {
        "aarch64-darwin": {
          "outputs": [
            {
              "name": "out",
              "path": "/nix/store/rrb6n2ybj53wjdkcjspndm2phqfy52ic-kustomize-5.7.0",
              "default": true
            }
          ],
          "store_path": "/nix/store/rrb6n2ybj53wjdkcjspndm2phqfy52ic-kustomize-5.7.0"
        },
        "aarch64-linux": {
          "outputs": [
            {
              "name": "out",
              "path": "/nix/store/k0fy6n5wbfrx5hxvsglf8ijy6cw5fz32-kustomize-5.7.0",
              "default": true
            }
          ],
          "store_path": "/nix/store/k0fy6n5wbfrx5hxvsglf8ijy6cw5fz32-kustomize-5.7.0"
        },
        "x86_64-darwin": {
          "outputs": [
            {
              "name": "out",
              "path": "/nix/store/18hc58z2lxg5vg0c1biznx85p4x4g7r8-kustomize-5.7.0",
              "default": true
            }
          ],
          "store_path": "/nix/store/18hc58z2lxg5vg0c1biznx85p4x4g7r8-kustomize-5.7.0"
        },
        "x86_64-linux": {
          "outputs": [
            {
              "name": "out",
              "path": "/nix/store/9if5amm0ignnihpsy82wsqvk64ym94ac-kustomize-5.7.0",
              "default": true
            }
          ],
          "store_path": "/nix/store/9if5amm0ignnihpsy82wsqvk64ym94ac-kustomize-5.7.0"
        }
      }
    },
    "opentofu@1.10.3": {
      "last_modified": "2025-07-15T16:15:05Z",
      "resolved": "github:NixOS/nixpkgs/dab3a6e781554f965bde3def0aa2fda4eb8f1708#opentofu",
      "source": "devbox-search",
      "version": "1.10.3",
      "systems": {
        "aarch64-darwin": {
          "outputs": [
            {
              "name": "out",
              "path": "/nix/store/ixppk4cdk2xbbgjr24340qwh51adwm7q-opentofu-1.10.3",
              "default": true
            }
          ],
          "store_path": "/nix/store/ixppk4cdk2xbbgjr24340qwh51adwm7q-opentofu-1.10.3"
        },
        "aarch64-linux": {
          "outputs": [
            {
              "name": "out",
              "path": "/nix/store/xvzyd0a1aclmas0xnikzlvg6apx63vli-opentofu-1.10.3",
              "default": true
            }
          ],
          "store_path": "/nix/store/xvzyd0a1aclmas0xnikzlvg6apx63vli-opentofu-1.10.3"
        },
        "x86_64-darwin": {
          "outputs": [
            {
              "name": "out",
              "path": "/nix/store/fwic3ki6kvy0b3k56nrpbg4qqkmxj6zv-opentofu-1.10.3",
              "default": true
            }
          ],
          "store_path": "/nix/store/fwic3ki6kvy0b3k56nrpbg4qqkmxj6zv-opentofu-1.10.3"
        },
        "x86_64-linux": {
          "outputs": [
            {
              "name": "out",
              "path": "/nix/store/3vphk7s3d332smw9ji6v7x5c23sbmygk-opentofu-1.10.3",
              "default": true
            }
          ],
          "store_path": "/nix/store/3vphk7s3d332smw9ji6v7x5c23sbmygk-opentofu-1.10.3"
        }
      }
    },
    "ruby@3.4.5": {
      "last_modified": "2025-07-17T10:11:59Z",
      "plugin_version": "0.0.2",
      "resolved": "github:NixOS/nixpkgs/fa0ef8a6bb1651aa26c939aeb51b5f499e86b0ec#ruby_3_4",
      "source": "devbox-search",
      "version": "3.4.5",
      "systems": {
        "aarch64-darwin": {
          "outputs": [
            {
              "name": "out",
              "path": "/nix/store/0kmigp0a142apvl22wb16vfs1h2sfxqz-ruby-3.4.5",
              "default": true
            },
            {
              "name": "devdoc",
              "path": "/nix/store/7r42cwwpzmha5fxixagmmnbq28kwfn6m-ruby-3.4.5-devdoc"
            }
          ],
          "store_path": "/nix/store/0kmigp0a142apvl22wb16vfs1h2sfxqz-ruby-3.4.5"
        },
        "aarch64-linux": {
          "outputs": [
            {
              "name": "out",
              "path": "/nix/store/fp9mxxs2mgf11fb6w60far22c859kdy7-ruby-3.4.5",
              "default": true
            },
            {
              "name": "devdoc",
              "path": "/nix/store/mf3lib9bfp2b4m7x9891aakgzzxv5s7f-ruby-3.4.5-devdoc"
            }
          ],
          "store_path": "/nix/store/fp9mxxs2mgf11fb6w60far22c859kdy7-ruby-3.4.5"
        },
        "x86_64-darwin": {
          "outputs": [
            {
              "name": "out",
              "path": "/nix/store/3szxcsq7vfsk5lklz1hvnpiqvvd38qlw-ruby-3.4.5",
              "default": true
            },
            {
              "name": "devdoc",
              "path": "/nix/store/bpqmgxp2vd6j6220wrh5kzh1m178bwpb-ruby-3.4.5-devdoc"
            }
          ],
          "store_path": "/nix/store/3szxcsq7vfsk5lklz1hvnpiqvvd38qlw-ruby-3.4.5"
        },
        "x86_64-linux": {
          "outputs": [
            {
              "name": "out",
              "path": "/nix/store/2v7pnml25q3d7m7bc9xaz16g3xsbj70l-ruby-3.4.5",
              "default": true
            },
            {
              "name": "devdoc",
              "path": "/nix/store/26bgx29z1clw05swbyzp5x901z41npy7-ruby-3.4.5-devdoc"
            }
          ],
          "store_path": "/nix/store/2v7pnml25q3d7m7bc9xaz16g3xsbj70l-ruby-3.4.5"
        }
      }
    },
    "sops@3.10.2": {
      "last_modified": "2025-05-16T20:19:48Z",
      "resolved": "github:NixOS/nixpkgs/12a55407652e04dcf2309436eb06fef0d3713ef3#sops",
      "source": "devbox-search",
      "version": "3.10.2",
      "systems": {
        "aarch64-darwin": {
          "outputs": [
            {
              "name": "out",
              "path": "/nix/store/c11k636phwvd783hs5bw0632yg43cr0d-sops-3.10.2",
              "default": true
            }
          ],
          "store_path": "/nix/store/c11k636phwvd783hs5bw0632yg43cr0d-sops-3.10.2"
        },
        "aarch64-linux": {
          "outputs": [
            {
              "name": "out",
              "path": "/nix/store/z87s05gh5nrrlx1f7wxhninmhl8k25ym-sops-3.10.2",
              "default": true
            }
          ],
          "store_path": "/nix/store/z87s05gh5nrrlx1f7wxhninmhl8k25ym-sops-3.10.2"
        },
        "x86_64-darwin": {
          "outputs": [
            {
              "name": "out",
              "path": "/nix/store/y2md2fq43cqyfapxyvmdml2k0803kmi3-sops-3.10.2",
              "default": true
            }
          ],
          "store_path": "/nix/store/y2md2fq43cqyfapxyvmdml2k0803kmi3-sops-3.10.2"
        },
        "x86_64-linux": {
          "outputs": [
            {
              "name": "out",
              "path": "/nix/store/bs0qlsbxh2a568g3jbbz09rkpfvb7w0v-sops-3.10.2",
              "default": true
            }
          ],
          "store_path": "/nix/store/bs0qlsbxh2a568g3jbbz09rkpfvb7w0v-sops-3.10.2"
        }
      }
    },
    "talhelper@3.0.30": {
      "last_modified": "2025-07-06T07:15:37Z",
      "resolved": "github:NixOS/nixpkgs/ceb24d94c6feaa4e8737a8e2bd3cf71c3a7eaaa0#talhelper",
      "source": "devbox-search",
      "version": "3.0.30",
      "systems": {
        "aarch64-darwin": {
          "outputs": [
            {
              "name": "out",
              "path": "/nix/store/ka40wm6ibqwmp52wq8dlakd6pnai6nrh-talhelper-3.0.30",
              "default": true
            }
          ],
          "store_path": "/nix/store/ka40wm6ibqwmp52wq8dlakd6pnai6nrh-talhelper-3.0.30"
        },
        "aarch64-linux": {
          "outputs": [
            {
              "name": "out",
              "path": "/nix/store/jd1qr0prsrg7x4pdzj0j808bb9r5r4iv-talhelper-3.0.30",
              "default": true
            }
          ],
          "store_path": "/nix/store/jd1qr0prsrg7x4pdzj0j808bb9r5r4iv-talhelper-3.0.30"
        },
        "x86_64-darwin": {
          "outputs": [
            {
              "name": "out",
              "path": "/nix/store/i13cpsrxzsfpgs1x0wlmibnknqg87kwa-talhelper-3.0.30",
              "default": true
            }
          ],
          "store_path": "/nix/store/i13cpsrxzsfpgs1x0wlmibnknqg87kwa-talhelper-3.0.30"
        },
        "x86_64-linux": {
          "outputs": [
            {
              "name": "out",
              "path": "/nix/store/7rjia8ywxc5fwhxrdm015jlg84m7r9sk-talhelper-3.0.30",
              "default": true
            }
          ],
          "store_path": "/nix/store/7rjia8ywxc5fwhxrdm015jlg84m7r9sk-talhelper-3.0.30"
        }
      }
    },
    "talosctl@1.10.4": {
      "last_modified": "2025-06-25T00:36:27Z",
      "resolved": "github:NixOS/nixpkgs/992f916556fcfaa94451ebc7fc6e396134bbf5b1#talosctl",
      "source": "devbox-search",
      "version": "1.10.4",
      "systems": {
        "aarch64-darwin": {
          "outputs": [
            {
              "name": "out",
              "path": "/nix/store/vc3vhf16y43q9f4zk49wvykivxnicr43-talosctl-1.10.4",
              "default": true
            }
          ],
          "store_path": "/nix/store/vc3vhf16y43q9f4zk49wvykivxnicr43-talosctl-1.10.4"
        },
        "aarch64-linux": {
          "outputs": [
            {
              "name": "out",
              "path": "/nix/store/2s92c87fdcm3143hvs588x9bmpr7q7cc-talosctl-1.10.4",
              "default": true
            }
          ],
          "store_path": "/nix/store/2s92c87fdcm3143hvs588x9bmpr7q7cc-talosctl-1.10.4"
        },
        "x86_64-darwin": {
          "outputs": [
            {
              "name": "out",
              "path": "/nix/store/danvngdyqlyn63dagrwjamdb49g7ynkf-talosctl-1.10.4",
              "default": true
            }
          ],
          "store_path": "/nix/store/danvngdyqlyn63dagrwjamdb49g7ynkf-talosctl-1.10.4"
        },
        "x86_64-linux": {
          "outputs": [
            {
              "name": "out",
              "path": "/nix/store/5f14dgfazfs1cy7vd1nh5fc84nk2rfgi-talosctl-1.10.4",
              "default": true
            }
          ],
          "store_path": "/nix/store/5f14dgfazfs1cy7vd1nh5fc84nk2rfgi-talosctl-1.10.4"
        }
      }
    }
  }
}
